
Microsoft Visual Studio Solution File, Format Version 12.00
# Visual Studio 15
VisualStudioVersion = 15.0.28010.2003
MinimumVisualStudioVersion = 10.0.40219.1
Project("{9A19103F-16F7-4668-BE54-9A1E7A4F7556}") = "SeleniumExtras.PageObjects", "SeleniumExtrasPageObjects\SeleniumExtras.PageObjects.csproj", "{11F4FD38-87CB-4B01-AF8E-19A7B0EDA191}"
EndProject
Project("{9A19103F-16F7-4668-BE54-9A1E7A4F7556}") = "SeleniumExtras.PageObjects.Tests", "SeleniumExtras.PageObjects.Tests\SeleniumExtras.PageObjects.Tests.csproj", "{1AAF9050-D3ED-4615-9AFB-96BFCE137D93}"
EndProject
Project("{2150E333-8FDC-42A3-9474-1A3956D46DE8}") = "Misc", "Misc", "{474E513F-1C59-492E-81FC-431163236821}"
	ProjectSection(SolutionItems) = preProject
		appveyor.yml = appveyor.yml
	EndProjectSection
EndProject
Global
	GlobalSection(SolutionConfigurationPlatforms) = preSolution
		Debug|Any CPU = Debug|Any CPU
		Release|Any CPU = Release|Any CPU
	EndGlobalSection
	GlobalSection(ProjectConfigurationPlatforms) = postSolution
		{11F4FD38-87CB-4B01-AF8E-19A7B0EDA191}.Debug|Any CPU.ActiveCfg = Debug|Any CPU
		{11F4FD38-87CB-4B01-AF8E-19A7B0EDA191}.Debug|Any CPU.Build.0 = Debug|Any CPU
		{11F4FD38-87CB-4B01-AF8E-19A7B0EDA191}.Release|Any CPU.ActiveCfg = Release|Any CPU
		{11F4FD38-87CB-4B01-AF8E-19A7B0EDA191}.Release|Any CPU.Build.0 = Release|Any CPU
		{1AAF9050-D3ED-4615-9AFB-96BFCE137D93}.Debug|Any CPU.ActiveCfg = Debug|Any CPU
		{1AAF9050-D3ED-4615-9AFB-96BFCE137D93}.Debug|Any CPU.Build.0 = Debug|Any CPU
		{1AAF9050-D3ED-4615-9AFB-96BFCE137D93}.Release|Any CPU.ActiveCfg = Release|Any CPU
		{1AAF9050-D3ED-4615-9AFB-96BFCE137D93}.Release|Any CPU.Build.0 = Release|Any CPU
	EndGlobalSection
	GlobalSection(SolutionProperties) = preSolution
		HideSolutionNode = FALSE
	EndGlobalSection
	GlobalSection(ExtensibilityGlobals) = postSolution
		SolutionGuid = {28C8294C-6364-443F-A7E3-C08A72080356}
	EndGlobalSection
EndGlobal
